// !$*UTF8*$!
{
	archiveVersion = 1;
	classes = {
	};
	objectVersion = 56;
	objects = {

/* Begin PBXBuildFile section */
		CB10365B2A7E693000CD06DB /* CategoryViewController.swift in Sources */ = {isa = PBXBuildFile; fileRef = CB10365A2A7E693000CD06DB /* CategoryViewController.swift */; };
		CB10365D2A7E6F4A00CD06DB /* NewCategoryViewController.swift in Sources */ = {isa = PBXBuildFile; fileRef = CB10365C2A7E6F4A00CD06DB /* NewCategoryViewController.swift */; };
		CB1036622A7EB6E200CD06DB /* ScheduleViewController.swift in Sources */ = {isa = PBXBuildFile; fileRef = CB1036612A7EB6E200CD06DB /* ScheduleViewController.swift */; };
		CB49F1882A81135300C37A24 /* HeaderCollectionView.swift in Sources */ = {isa = PBXBuildFile; fileRef = CB49F1872A81135300C37A24 /* HeaderCollectionView.swift */; };
		CB49F18A2A8124F100C37A24 /* GeometricParams.swift in Sources */ = {isa = PBXBuildFile; fileRef = CB49F1892A8124F100C37A24 /* GeometricParams.swift */; };
		CB846D702A74533B00128231 /* AppDelegate.swift in Sources */ = {isa = PBXBuildFile; fileRef = CB846D6F2A74533B00128231 /* AppDelegate.swift */; };
		CB846D722A74533B00128231 /* SceneDelegate.swift in Sources */ = {isa = PBXBuildFile; fileRef = CB846D712A74533B00128231 /* SceneDelegate.swift */; };
		CB846D742A74533B00128231 /* TrackersViewController.swift in Sources */ = {isa = PBXBuildFile; fileRef = CB846D732A74533B00128231 /* TrackersViewController.swift */; };
		CB846D792A74533E00128231 /* Assets.xcassets in Resources */ = {isa = PBXBuildFile; fileRef = CB846D782A74533E00128231 /* Assets.xcassets */; };
		CB846D7C2A74533E00128231 /* LaunchScreen.storyboard in Resources */ = {isa = PBXBuildFile; fileRef = CB846D7A2A74533E00128231 /* LaunchScreen.storyboard */; };
		CBCFDA252A7FF45100CA505F /* EmojiCollectionView.swift in Sources */ = {isa = PBXBuildFile; fileRef = CBCFDA242A7FF45100CA505F /* EmojiCollectionView.swift */; };
		CBCFDA272A7FF89700CA505F /* ColorCollectionView.swift in Sources */ = {isa = PBXBuildFile; fileRef = CBCFDA262A7FF89700CA505F /* ColorCollectionView.swift */; };
		CBCFDA2A2A7FFAA200CA505F /* TrackersCollectionView.swift in Sources */ = {isa = PBXBuildFile; fileRef = CBCFDA292A7FFAA200CA505F /* TrackersCollectionView.swift */; };
		CBCFDA2C2A8000D800CA505F /* TrackerCollectionViewCell.swift in Sources */ = {isa = PBXBuildFile; fileRef = CBCFDA2B2A8000D800CA505F /* TrackerCollectionViewCell.swift */; };
		CBD46B2C2A7AF24F00AB4F88 /* UIColor+Extensions.swift in Sources */ = {isa = PBXBuildFile; fileRef = CBD46B2B2A7AF24F00AB4F88 /* UIColor+Extensions.swift */; };
		CBD46B2E2A7AF4F400AB4F88 /* Tracker.swift in Sources */ = {isa = PBXBuildFile; fileRef = CBD46B2D2A7AF4F400AB4F88 /* Tracker.swift */; };
		CBD46B302A7AF68200AB4F88 /* TrackerCategory.swift in Sources */ = {isa = PBXBuildFile; fileRef = CBD46B2F2A7AF68200AB4F88 /* TrackerCategory.swift */; };
		CBD46B322A7AF78100AB4F88 /* TrackerRecord.swift in Sources */ = {isa = PBXBuildFile; fileRef = CBD46B312A7AF78100AB4F88 /* TrackerRecord.swift */; };
		CBD46B342A7AF83F00AB4F88 /* Schedule.swift in Sources */ = {isa = PBXBuildFile; fileRef = CBD46B332A7AF83E00AB4F88 /* Schedule.swift */; };
		CBD46B362A7AFAB500AB4F88 /* TrackerTypeViewController.swift in Sources */ = {isa = PBXBuildFile; fileRef = CBD46B352A7AFAB500AB4F88 /* TrackerTypeViewController.swift */; };
		CBD46B382A7C0CF700AB4F88 /* NewHabitViewController.swift in Sources */ = {isa = PBXBuildFile; fileRef = CBD46B372A7C0CF700AB4F88 /* NewHabitViewController.swift */; };
		CBF3B2782A7CFCB200A540CA /* TextField.swift in Sources */ = {isa = PBXBuildFile; fileRef = CBF3B2772A7CFCB200A540CA /* TextField.swift */; };
		CBF3B27C2A7D0DCD00A540CA /* EmojiCollectionViewCell.swift in Sources */ = {isa = PBXBuildFile; fileRef = CBF3B27B2A7D0DCD00A540CA /* EmojiCollectionViewCell.swift */; };
		CBF3B2802A7D27C300A540CA /* ColorCollectionViewCell.swift in Sources */ = {isa = PBXBuildFile; fileRef = CBF3B27F2A7D27C300A540CA /* ColorCollectionViewCell.swift */; };
/* End PBXBuildFile section */

/* Begin PBXFileReference section */
		CB10365A2A7E693000CD06DB /* CategoryViewController.swift */ = {isa = PBXFileReference; lastKnownFileType = sourcecode.swift; path = CategoryViewController.swift; sourceTree = "<group>"; };
		CB10365C2A7E6F4A00CD06DB /* NewCategoryViewController.swift */ = {isa = PBXFileReference; lastKnownFileType = sourcecode.swift; path = NewCategoryViewController.swift; sourceTree = "<group>"; };
		CB1036612A7EB6E200CD06DB /* ScheduleViewController.swift */ = {isa = PBXFileReference; lastKnownFileType = sourcecode.swift; path = ScheduleViewController.swift; sourceTree = "<group>"; };
		CB49F1872A81135300C37A24 /* HeaderCollectionView.swift */ = {isa = PBXFileReference; lastKnownFileType = sourcecode.swift; path = HeaderCollectionView.swift; sourceTree = "<group>"; };
		CB49F1892A8124F100C37A24 /* GeometricParams.swift */ = {isa = PBXFileReference; lastKnownFileType = sourcecode.swift; path = GeometricParams.swift; sourceTree = "<group>"; };
		CB846D6C2A74533B00128231 /* Tracker.app */ = {isa = PBXFileReference; explicitFileType = wrapper.application; includeInIndex = 0; path = Tracker.app; sourceTree = BUILT_PRODUCTS_DIR; };
		CB846D6F2A74533B00128231 /* AppDelegate.swift */ = {isa = PBXFileReference; lastKnownFileType = sourcecode.swift; path = AppDelegate.swift; sourceTree = "<group>"; };
		CB846D712A74533B00128231 /* SceneDelegate.swift */ = {isa = PBXFileReference; lastKnownFileType = sourcecode.swift; path = SceneDelegate.swift; sourceTree = "<group>"; };
		CB846D732A74533B00128231 /* TrackersViewController.swift */ = {isa = PBXFileReference; lastKnownFileType = sourcecode.swift; path = TrackersViewController.swift; sourceTree = "<group>"; };
		CB846D782A74533E00128231 /* Assets.xcassets */ = {isa = PBXFileReference; lastKnownFileType = folder.assetcatalog; path = Assets.xcassets; sourceTree = "<group>"; };
		CB846D7B2A74533E00128231 /* Base */ = {isa = PBXFileReference; lastKnownFileType = file.storyboard; name = Base; path = Base.lproj/LaunchScreen.storyboard; sourceTree = "<group>"; };
		CB846D7D2A74533E00128231 /* Info.plist */ = {isa = PBXFileReference; lastKnownFileType = text.plist.xml; path = Info.plist; sourceTree = "<group>"; };
		CBCFDA242A7FF45100CA505F /* EmojiCollectionView.swift */ = {isa = PBXFileReference; lastKnownFileType = sourcecode.swift; path = EmojiCollectionView.swift; sourceTree = "<group>"; };
		CBCFDA262A7FF89700CA505F /* ColorCollectionView.swift */ = {isa = PBXFileReference; lastKnownFileType = sourcecode.swift; path = ColorCollectionView.swift; sourceTree = "<group>"; };
		CBCFDA292A7FFAA200CA505F /* TrackersCollectionView.swift */ = {isa = PBXFileReference; lastKnownFileType = sourcecode.swift; path = TrackersCollectionView.swift; sourceTree = "<group>"; };
		CBCFDA2B2A8000D800CA505F /* TrackerCollectionViewCell.swift */ = {isa = PBXFileReference; lastKnownFileType = sourcecode.swift; path = TrackerCollectionViewCell.swift; sourceTree = "<group>"; };
		CBD46B2B2A7AF24F00AB4F88 /* UIColor+Extensions.swift */ = {isa = PBXFileReference; lastKnownFileType = sourcecode.swift; path = "UIColor+Extensions.swift"; sourceTree = "<group>"; };
		CBD46B2D2A7AF4F400AB4F88 /* Tracker.swift */ = {isa = PBXFileReference; lastKnownFileType = sourcecode.swift; path = Tracker.swift; sourceTree = "<group>"; };
		CBD46B2F2A7AF68200AB4F88 /* TrackerCategory.swift */ = {isa = PBXFileReference; lastKnownFileType = sourcecode.swift; path = TrackerCategory.swift; sourceTree = "<group>"; };
		CBD46B312A7AF78100AB4F88 /* TrackerRecord.swift */ = {isa = PBXFileReference; lastKnownFileType = sourcecode.swift; path = TrackerRecord.swift; sourceTree = "<group>"; };
		CBD46B332A7AF83E00AB4F88 /* Schedule.swift */ = {isa = PBXFileReference; lastKnownFileType = sourcecode.swift; path = Schedule.swift; sourceTree = "<group>"; };
		CBD46B352A7AFAB500AB4F88 /* TrackerTypeViewController.swift */ = {isa = PBXFileReference; lastKnownFileType = sourcecode.swift; path = TrackerTypeViewController.swift; sourceTree = "<group>"; };
		CBD46B372A7C0CF700AB4F88 /* NewHabitViewController.swift */ = {isa = PBXFileReference; lastKnownFileType = sourcecode.swift; path = NewHabitViewController.swift; sourceTree = "<group>"; };
		CBF3B2772A7CFCB200A540CA /* TextField.swift */ = {isa = PBXFileReference; lastKnownFileType = sourcecode.swift; path = TextField.swift; sourceTree = "<group>"; };
		CBF3B27B2A7D0DCD00A540CA /* EmojiCollectionViewCell.swift */ = {isa = PBXFileReference; lastKnownFileType = sourcecode.swift; path = EmojiCollectionViewCell.swift; sourceTree = "<group>"; };
		CBF3B27F2A7D27C300A540CA /* ColorCollectionViewCell.swift */ = {isa = PBXFileReference; lastKnownFileType = sourcecode.swift; path = ColorCollectionViewCell.swift; sourceTree = "<group>"; };
/* End PBXFileReference section */

/* Begin PBXFrameworksBuildPhase section */
		CB846D692A74533B00128231 /* Frameworks */ = {
			isa = PBXFrameworksBuildPhase;
			buildActionMask = 2147483647;
			files = (
			);
			runOnlyForDeploymentPostprocessing = 0;
		};
/* End PBXFrameworksBuildPhase section */

/* Begin PBXGroup section */
		CB10365E2A7EB63900CD06DB /* ViewControllers */ = {
			isa = PBXGroup;
			children = (
				CB846D732A74533B00128231 /* TrackersViewController.swift */,
				CBD46B372A7C0CF700AB4F88 /* NewHabitViewController.swift */,
				CB10365A2A7E693000CD06DB /* CategoryViewController.swift */,
				CB10365C2A7E6F4A00CD06DB /* NewCategoryViewController.swift */,
				CBD46B352A7AFAB500AB4F88 /* TrackerTypeViewController.swift */,
				CB1036612A7EB6E200CD06DB /* ScheduleViewController.swift */,
			);
			path = ViewControllers;
			sourceTree = "<group>";
		};
		CB10365F2A7EB66000CD06DB /* CollectionViewCells */ = {
			isa = PBXGroup;
			children = (
				CBF3B27B2A7D0DCD00A540CA /* EmojiCollectionViewCell.swift */,
				CBF3B27F2A7D27C300A540CA /* ColorCollectionViewCell.swift */,
				CBCFDA2B2A8000D800CA505F /* TrackerCollectionViewCell.swift */,
			);
			path = CollectionViewCells;
			sourceTree = "<group>";
		};
		CB1036602A7EB69600CD06DB /* Models */ = {
			isa = PBXGroup;
			children = (
				CBD46B2D2A7AF4F400AB4F88 /* Tracker.swift */,
				CBD46B332A7AF83E00AB4F88 /* Schedule.swift */,
				CBD46B2F2A7AF68200AB4F88 /* TrackerCategory.swift */,
				CBD46B312A7AF78100AB4F88 /* TrackerRecord.swift */,
			);
			path = Models;
			sourceTree = "<group>";
		};
		CB846D632A74533B00128231 = {
			isa = PBXGroup;
			children = (
				CB846D6E2A74533B00128231 /* Tracker */,
				CB846D6D2A74533B00128231 /* Products */,
			);
			sourceTree = "<group>";
		};
		CB846D6D2A74533B00128231 /* Products */ = {
			isa = PBXGroup;
			children = (
				CB846D6C2A74533B00128231 /* Tracker.app */,
			);
			name = Products;
			sourceTree = "<group>";
		};
		CB846D6E2A74533B00128231 /* Tracker */ = {
			isa = PBXGroup;
			children = (
				CB846D6F2A74533B00128231 /* AppDelegate.swift */,
				CB846D712A74533B00128231 /* SceneDelegate.swift */,
				CBCFDA282A7FF97E00CA505F /* CustomClasses */,
				CB1036602A7EB69600CD06DB /* Models */,
				CB10365E2A7EB63900CD06DB /* ViewControllers */,
				CB10365F2A7EB66000CD06DB /* CollectionViewCells */,
				CBD46B2A2A7AF23800AB4F88 /* Extensions */,
				CB846D782A74533E00128231 /* Assets.xcassets */,
				CB846D7A2A74533E00128231 /* LaunchScreen.storyboard */,
				CB846D7D2A74533E00128231 /* Info.plist */,
				CB49F1892A8124F100C37A24 /* GeometricParams.swift */,
			);
			path = Tracker;
			sourceTree = "<group>";
		};
		CBCFDA282A7FF97E00CA505F /* CustomClasses */ = {
			isa = PBXGroup;
			children = (
				CBF3B2772A7CFCB200A540CA /* TextField.swift */,
				CBCFDA242A7FF45100CA505F /* EmojiCollectionView.swift */,
				CBCFDA262A7FF89700CA505F /* ColorCollectionView.swift */,
				CBCFDA292A7FFAA200CA505F /* TrackersCollectionView.swift */,
				CB49F1872A81135300C37A24 /* HeaderCollectionView.swift */,
			);
			path = CustomClasses;
			sourceTree = "<group>";
		};
		CBD46B2A2A7AF23800AB4F88 /* Extensions */ = {
			isa = PBXGroup;
			children = (
				CBD46B2B2A7AF24F00AB4F88 /* UIColor+Extensions.swift */,
			);
			path = Extensions;
			sourceTree = "<group>";
		};
/* End PBXGroup section */

/* Begin PBXNativeTarget section */
		CB846D6B2A74533B00128231 /* Tracker */ = {
			isa = PBXNativeTarget;
			buildConfigurationList = CB846D802A74533E00128231 /* Build configuration list for PBXNativeTarget "Tracker" */;
			buildPhases = (
				CB846D682A74533B00128231 /* Sources */,
				CB846D692A74533B00128231 /* Frameworks */,
				CB846D6A2A74533B00128231 /* Resources */,
			);
			buildRules = (
			);
			dependencies = (
			);
			name = Tracker;
			productName = Tracker;
			productReference = CB846D6C2A74533B00128231 /* Tracker.app */;
			productType = "com.apple.product-type.application";
		};
/* End PBXNativeTarget section */

/* Begin PBXProject section */
		CB846D642A74533B00128231 /* Project object */ = {
			isa = PBXProject;
			attributes = {
				BuildIndependentTargetsInParallel = 1;
				LastSwiftUpdateCheck = 1430;
				LastUpgradeCheck = 1430;
				TargetAttributes = {
					CB846D6B2A74533B00128231 = {
						CreatedOnToolsVersion = 14.3.1;
					};
				};
			};
			buildConfigurationList = CB846D672A74533B00128231 /* Build configuration list for PBXProject "Tracker" */;
			compatibilityVersion = "Xcode 14.0";
			developmentRegion = en;
			hasScannedForEncodings = 0;
			knownRegions = (
				en,
				Base,
			);
			mainGroup = CB846D632A74533B00128231;
			productRefGroup = CB846D6D2A74533B00128231 /* Products */;
			projectDirPath = "";
			projectRoot = "";
			targets = (
				CB846D6B2A74533B00128231 /* Tracker */,
			);
		};
/* End PBXProject section */

/* Begin PBXResourcesBuildPhase section */
		CB846D6A2A74533B00128231 /* Resources */ = {
			isa = PBXResourcesBuildPhase;
			buildActionMask = 2147483647;
			files = (
				CB846D7C2A74533E00128231 /* LaunchScreen.storyboard in Resources */,
				CB846D792A74533E00128231 /* Assets.xcassets in Resources */,
			);
			runOnlyForDeploymentPostprocessing = 0;
		};
/* End PBXResourcesBuildPhase section */

/* Begin PBXSourcesBuildPhase section */
		CB846D682A74533B00128231 /* Sources */ = {
			isa = PBXSourcesBuildPhase;
			buildActionMask = 2147483647;
			files = (
				CBD46B302A7AF68200AB4F88 /* TrackerCategory.swift in Sources */,
				CBCFDA252A7FF45100CA505F /* EmojiCollectionView.swift in Sources */,
				CBF3B2802A7D27C300A540CA /* ColorCollectionViewCell.swift in Sources */,
				CB10365B2A7E693000CD06DB /* CategoryViewController.swift in Sources */,
				CB1036622A7EB6E200CD06DB /* ScheduleViewController.swift in Sources */,
				CBF3B2782A7CFCB200A540CA /* TextField.swift in Sources */,
				CB846D742A74533B00128231 /* TrackersViewController.swift in Sources */,
				CB846D702A74533B00128231 /* AppDelegate.swift in Sources */,
				CBD46B322A7AF78100AB4F88 /* TrackerRecord.swift in Sources */,
				CB10365D2A7E6F4A00CD06DB /* NewCategoryViewController.swift in Sources */,
				CB49F1882A81135300C37A24 /* HeaderCollectionView.swift in Sources */,
				CBD46B382A7C0CF700AB4F88 /* NewHabitViewController.swift in Sources */,
				CBD46B2E2A7AF4F400AB4F88 /* Tracker.swift in Sources */,
				CBCFDA2A2A7FFAA200CA505F /* TrackersCollectionView.swift in Sources */,
				CBF3B27C2A7D0DCD00A540CA /* EmojiCollectionViewCell.swift in Sources */,
				CB49F18A2A8124F100C37A24 /* GeometricParams.swift in Sources */,
				CB846D722A74533B00128231 /* SceneDelegate.swift in Sources */,
				CBD46B342A7AF83F00AB4F88 /* Schedule.swift in Sources */,
				CBD46B362A7AFAB500AB4F88 /* TrackerTypeViewController.swift in Sources */,
				CBCFDA2C2A8000D800CA505F /* TrackerCollectionViewCell.swift in Sources */,
				CBCFDA272A7FF89700CA505F /* ColorCollectionView.swift in Sources */,
				CBD46B2C2A7AF24F00AB4F88 /* UIColor+Extensions.swift in Sources */,
			);
			runOnlyForDeploymentPostprocessing = 0;
		};
/* End PBXSourcesBuildPhase section */

/* Begin PBXVariantGroup section */
		CB846D7A2A74533E00128231 /* LaunchScreen.storyboard */ = {
			isa = PBXVariantGroup;
			children = (
				CB846D7B2A74533E00128231 /* Base */,
			);
			name = LaunchScreen.storyboard;
			sourceTree = "<group>";
		};
/* End PBXVariantGroup section */

/* Begin XCBuildConfiguration section */
		CB846D7E2A74533E00128231 /* Debug */ = {
			isa = XCBuildConfiguration;
			buildSettings = {
				ALWAYS_SEARCH_USER_PATHS = NO;
				CLANG_ANALYZER_NONNULL = YES;
				CLANG_ANALYZER_NUMBER_OBJECT_CONVERSION = YES_AGGRESSIVE;
				CLANG_CXX_LANGUAGE_STANDARD = "gnu++20";
				CLANG_ENABLE_MODULES = YES;
				CLANG_ENABLE_OBJC_ARC = YES;
				CLANG_ENABLE_OBJC_WEAK = YES;
				CLANG_WARN_BLOCK_CAPTURE_AUTORELEASING = YES;
				CLANG_WARN_BOOL_CONVERSION = YES;
				CLANG_WARN_COMMA = YES;
				CLANG_WARN_CONSTANT_CONVERSION = YES;
				CLANG_WARN_DEPRECATED_OBJC_IMPLEMENTATIONS = YES;
				CLANG_WARN_DIRECT_OBJC_ISA_USAGE = YES_ERROR;
				CLANG_WARN_DOCUMENTATION_COMMENTS = YES;
				CLANG_WARN_EMPTY_BODY = YES;
				CLANG_WARN_ENUM_CONVERSION = YES;
				CLANG_WARN_INFINITE_RECURSION = YES;
				CLANG_WARN_INT_CONVERSION = YES;
				CLANG_WARN_NON_LITERAL_NULL_CONVERSION = YES;
				CLANG_WARN_OBJC_IMPLICIT_RETAIN_SELF = YES;
				CLANG_WARN_OBJC_LITERAL_CONVERSION = YES;
				CLANG_WARN_OBJC_ROOT_CLASS = YES_ERROR;
				CLANG_WARN_QUOTED_INCLUDE_IN_FRAMEWORK_HEADER = YES;
				CLANG_WARN_RANGE_LOOP_ANALYSIS = YES;
				CLANG_WARN_STRICT_PROTOTYPES = YES;
				CLANG_WARN_SUSPICIOUS_MOVE = YES;
				CLANG_WARN_UNGUARDED_AVAILABILITY = YES_AGGRESSIVE;
				CLANG_WARN_UNREACHABLE_CODE = YES;
				CLANG_WARN__DUPLICATE_METHOD_MATCH = YES;
				COPY_PHASE_STRIP = NO;
				DEBUG_INFORMATION_FORMAT = dwarf;
				ENABLE_STRICT_OBJC_MSGSEND = YES;
				ENABLE_TESTABILITY = YES;
				GCC_C_LANGUAGE_STANDARD = gnu11;
				GCC_DYNAMIC_NO_PIC = NO;
				GCC_NO_COMMON_BLOCKS = YES;
				GCC_OPTIMIZATION_LEVEL = 0;
				GCC_PREPROCESSOR_DEFINITIONS = (
					"DEBUG=1",
					"$(inherited)",
				);
				GCC_WARN_64_TO_32_BIT_CONVERSION = YES;
				GCC_WARN_ABOUT_RETURN_TYPE = YES_ERROR;
				GCC_WARN_UNDECLARED_SELECTOR = YES;
				GCC_WARN_UNINITIALIZED_AUTOS = YES_AGGRESSIVE;
				GCC_WARN_UNUSED_FUNCTION = YES;
				GCC_WARN_UNUSED_VARIABLE = YES;
				IPHONEOS_DEPLOYMENT_TARGET = 13.4;
				MTL_ENABLE_DEBUG_INFO = INCLUDE_SOURCE;
				MTL_FAST_MATH = YES;
				ONLY_ACTIVE_ARCH = YES;
				SDKROOT = iphoneos;
				SWIFT_ACTIVE_COMPILATION_CONDITIONS = DEBUG;
				SWIFT_OPTIMIZATION_LEVEL = "-Onone";
			};
			name = Debug;
		};
		CB846D7F2A74533E00128231 /* Release */ = {
			isa = XCBuildConfiguration;
			buildSettings = {
				ALWAYS_SEARCH_USER_PATHS = NO;
				CLANG_ANALYZER_NONNULL = YES;
				CLANG_ANALYZER_NUMBER_OBJECT_CONVERSION = YES_AGGRESSIVE;
				CLANG_CXX_LANGUAGE_STANDARD = "gnu++20";
				CLANG_ENABLE_MODULES = YES;
				CLANG_ENABLE_OBJC_ARC = YES;
				CLANG_ENABLE_OBJC_WEAK = YES;
				CLANG_WARN_BLOCK_CAPTURE_AUTORELEASING = YES;
				CLANG_WARN_BOOL_CONVERSION = YES;
				CLANG_WARN_COMMA = YES;
				CLANG_WARN_CONSTANT_CONVERSION = YES;
				CLANG_WARN_DEPRECATED_OBJC_IMPLEMENTATIONS = YES;
				CLANG_WARN_DIRECT_OBJC_ISA_USAGE = YES_ERROR;
				CLANG_WARN_DOCUMENTATION_COMMENTS = YES;
				CLANG_WARN_EMPTY_BODY = YES;
				CLANG_WARN_ENUM_CONVERSION = YES;
				CLANG_WARN_INFINITE_RECURSION = YES;
				CLANG_WARN_INT_CONVERSION = YES;
				CLANG_WARN_NON_LITERAL_NULL_CONVERSION = YES;
				CLANG_WARN_OBJC_IMPLICIT_RETAIN_SELF = YES;
				CLANG_WARN_OBJC_LITERAL_CONVERSION = YES;
				CLANG_WARN_OBJC_ROOT_CLASS = YES_ERROR;
				CLANG_WARN_QUOTED_INCLUDE_IN_FRAMEWORK_HEADER = YES;
				CLANG_WARN_RANGE_LOOP_ANALYSIS = YES;
				CLANG_WARN_STRICT_PROTOTYPES = YES;
				CLANG_WARN_SUSPICIOUS_MOVE = YES;
				CLANG_WARN_UNGUARDED_AVAILABILITY = YES_AGGRESSIVE;
				CLANG_WARN_UNREACHABLE_CODE = YES;
				CLANG_WARN__DUPLICATE_METHOD_MATCH = YES;
				COPY_PHASE_STRIP = NO;
				DEBUG_INFORMATION_FORMAT = "dwarf-with-dsym";
				ENABLE_NS_ASSERTIONS = NO;
				ENABLE_STRICT_OBJC_MSGSEND = YES;
				GCC_C_LANGUAGE_STANDARD = gnu11;
				GCC_NO_COMMON_BLOCKS = YES;
				GCC_WARN_64_TO_32_BIT_CONVERSION = YES;
				GCC_WARN_ABOUT_RETURN_TYPE = YES_ERROR;
				GCC_WARN_UNDECLARED_SELECTOR = YES;
				GCC_WARN_UNINITIALIZED_AUTOS = YES_AGGRESSIVE;
				GCC_WARN_UNUSED_FUNCTION = YES;
				GCC_WARN_UNUSED_VARIABLE = YES;
				IPHONEOS_DEPLOYMENT_TARGET = 13.4;
				MTL_ENABLE_DEBUG_INFO = NO;
				MTL_FAST_MATH = YES;
				SDKROOT = iphoneos;
				SWIFT_COMPILATION_MODE = wholemodule;
				SWIFT_OPTIMIZATION_LEVEL = "-O";
				VALIDATE_PRODUCT = YES;
			};
			name = Release;
		};
		CB846D812A74533E00128231 /* Debug */ = {
			isa = XCBuildConfiguration;
			buildSettings = {
				ASSETCATALOG_COMPILER_APPICON_NAME = AppIcon;
				ASSETCATALOG_COMPILER_GLOBAL_ACCENT_COLOR_NAME = AccentColor;
				CODE_SIGN_STYLE = Automatic;
				CURRENT_PROJECT_VERSION = 1;
				DEVELOPMENT_TEAM = BBQWCP2Q36;
				GENERATE_INFOPLIST_FILE = YES;
				INFOPLIST_FILE = Tracker/Info.plist;
				INFOPLIST_KEY_UIApplicationSupportsIndirectInputEvents = YES;
				INFOPLIST_KEY_UILaunchStoryboardName = LaunchScreen;
				INFOPLIST_KEY_UISupportedInterfaceOrientations = UIInterfaceOrientationPortrait;
				INFOPLIST_KEY_UISupportedInterfaceOrientations_iPad = "UIInterfaceOrientationLandscapeLeft UIInterfaceOrientationLandscapeRight UIInterfaceOrientationPortrait UIInterfaceOrientationPortraitUpsideDown";
				LD_RUNPATH_SEARCH_PATHS = (
					"$(inherited)",
					"@executable_path/Frameworks",
				);
				MARKETING_VERSION = 1.0;
				PRODUCT_BUNDLE_IDENTIFIER = me.kashnikov.anton.Tracker;
				PRODUCT_NAME = "$(TARGET_NAME)";
				SUPPORTED_PLATFORMS = "iphoneos iphonesimulator";
				SUPPORTS_MACCATALYST = NO;
				SUPPORTS_MAC_DESIGNED_FOR_IPHONE_IPAD = NO;
				SWIFT_EMIT_LOC_STRINGS = YES;
				SWIFT_VERSION = 5.0;
				TARGETED_DEVICE_FAMILY = 1;
			};
			name = Debug;
		};
		CB846D822A74533E00128231 /* Release */ = {
			isa = XCBuildConfiguration;
			buildSettings = {
				ASSETCATALOG_COMPILER_APPICON_NAME = AppIcon;
				ASSETCATALOG_COMPILER_GLOBAL_ACCENT_COLOR_NAME = AccentColor;
				CODE_SIGN_STYLE = Automatic;
				CURRENT_PROJECT_VERSION = 1;
				DEVELOPMENT_TEAM = BBQWCP2Q36;
				GENERATE_INFOPLIST_FILE = YES;
				INFOPLIST_FILE = Tracker/Info.plist;
				INFOPLIST_KEY_UIApplicationSupportsIndirectInputEvents = YES;
				INFOPLIST_KEY_UILaunchStoryboardName = LaunchScreen;
				INFOPLIST_KEY_UISupportedInterfaceOrientations = UIInterfaceOrientationPortrait;
				INFOPLIST_KEY_UISupportedInterfaceOrientations_iPad = "UIInterfaceOrientationLandscapeLeft UIInterfaceOrientationLandscapeRight UIInterfaceOrientationPortrait UIInterfaceOrientationPortraitUpsideDown";
				LD_RUNPATH_SEARCH_PATHS = (
					"$(inherited)",
					"@executable_path/Frameworks",
				);
				MARKETING_VERSION = 1.0;
				PRODUCT_BUNDLE_IDENTIFIER = me.kashnikov.anton.Tracker;
				PRODUCT_NAME = "$(TARGET_NAME)";
				SUPPORTED_PLATFORMS = "iphoneos iphonesimulator";
				SUPPORTS_MACCATALYST = NO;
				SUPPORTS_MAC_DESIGNED_FOR_IPHONE_IPAD = NO;
				SWIFT_EMIT_LOC_STRINGS = YES;
				SWIFT_VERSION = 5.0;
				TARGETED_DEVICE_FAMILY = 1;
			};
			name = Release;
		};
/* End XCBuildConfiguration section */

/* Begin XCConfigurationList section */
		CB846D672A74533B00128231 /* Build configuration list for PBXProject "Tracker" */ = {
			isa = XCConfigurationList;
			buildConfigurations = (
				CB846D7E2A74533E00128231 /* Debug */,
				CB846D7F2A74533E00128231 /* Release */,
			);
			defaultConfigurationIsVisible = 0;
			defaultConfigurationName = Release;
		};
		CB846D802A74533E00128231 /* Build configuration list for PBXNativeTarget "Tracker" */ = {
			isa = XCConfigurationList;
			buildConfigurations = (
				CB846D812A74533E00128231 /* Debug */,
				CB846D822A74533E00128231 /* Release */,
			);
			defaultConfigurationIsVisible = 0;
			defaultConfigurationName = Release;
		};
/* End XCConfigurationList section */
	};
	rootObject = CB846D642A74533B00128231 /* Project object */;
}
